
Microsoft Visual Studio Solution File, Format Version 12.00
# Visual Studio Version 16
VisualStudioVersion = 16.0.29509.3
MinimumVisualStudioVersion = 10.0.40219.1
Project("{FAE04EC0-301F-11D3-BF4B-00C04F79EFBC}") = "Concordance", "Concordance.csproj", "{AAEA5768-2B04-4AC3-8FB2-FFA0D6E58C4B}"
EndProject
Global
	GlobalSection(SolutionConfigurationPlatforms) = preSolution
		Debug|Any CPU = Debug|Any CPU
		Release|Any CPU = Release|Any CPU
	EndGlobalSection
	GlobalSection(ProjectConfigurationPlatforms) = postSolution
		{AAEA5768-2B04-4AC3-8FB2-FFA0D6E58C4B}.Debug|Any CPU.ActiveCfg = Debug|Any CPU
		{AAEA5768-2B04-4AC3-8FB2-FFA0D6E58C4B}.Debug|Any CPU.Build.0 = Debug|Any CPU
		{AAEA5768-2B04-4AC3-8FB2-FFA0D6E58C4B}.Release|Any CPU.ActiveCfg = Release|Any CPU
		{AAEA5768-2B04-4AC3-8FB2-FFA0D6E58C4B}.Release|Any CPU.Build.0 = Release|Any CPU
	EndGlobalSection
	GlobalSection(SolutionProperties) = preSolution
		HideSolutionNode = FALSE
	EndGlobalSection
	GlobalSection(ExtensibilityGlobals) = postSolution
		SolutionGuid = {B1A5EA72-2A44-4A27-A290-A4DD57089608}
	EndGlobalSection
EndGlobal
